<?xml version="1.0" encoding="utf-8"?>
<Project ToolsVersion="4.0" xmlns="http://schemas.microsoft.com/developer/msbuild/2003">
  <ItemGroup>
    <Filter Include="Source Files">
      <UniqueIdentifier>{4FC737F1-C7A5-4376-A066-2A32D752A2FF}</UniqueIdentifier>
      <Extensions>cpp;c;cc;cxx;def;odl;idl;hpj;bat;asm;asmx</Extensions>
    </Filter>
    <Filter Include="Header Files">
      <UniqueIdentifier>{93995380-89BD-4b04-88EB-625FBE52EBFB}</UniqueIdentifier>
      <Extensions>h;hpp;hxx;hm;inl;inc;xsd</Extensions>
    </Filter>
    <Filter Include="Resource Files">
      <UniqueIdentifier>{67DA6AB6-F800-4c08-8B7A-83BB121AAD01}</UniqueIdentifier>
      <Extensions>rc;ico;cur;bmp;dlg;rc2;rct;bin;rgs;gif;jpg;jpeg;jpe;resx;tiff;tif;png;wav;mfcribbon-ms</Extensions>
    </Filter>
  </ItemGroup>
  <ItemGroup>
    <ClCompile Include="src\CharacteristicFunction.cpp">
      <Filter>Source Files</Filter>
    </ClCompile>
    <ClCompile Include="src\LinearCharacteristicFunction.cpp">
      <Filter>Source Files</Filter>
    </ClCompile>
    <ClCompile Include="src\LinguisticValue.cpp">
      <Filter>Source Files</Filter>
    </ClCompile>
    <ClCompile Include="src\Range.cpp">
      <Filter>Source Files</Filter>
    </ClCompile>
    <ClCompile Include="src\Real.cpp">
      <Filter>Source Files</Filter>
    </ClCompile>
    <ClCompile Include="src\ShoulderCharacteristicFunction.cpp">
      <Filter>Source Files</Filter>
    </ClCompile>
    <ClCompile Include="src\TrapesoidCharacteristicFunction.cpp">
      <Filter>Source Files</Filter>
    </ClCompile>
    <ClCompile Include="src\TriangularCharacteristicFunction.cpp">
      <Filter>Source Files</Filter>
    </ClCompile>
    <ClCompile Include="src\SineCurveCharacteristicFunction.cpp">
      <Filter>Source Files</Filter>
    </ClCompile>
  </ItemGroup>
  <ItemGroup>
    <ClInclude Include="src\CharacteristicFunction.h">
      <Filter>Header Files</Filter>
    </ClInclude>
    <ClInclude Include="src\LinearCharacteristicFunction.h">
      <Filter>Header Files</Filter>
    </ClInclude>
    <ClInclude Include="src\LinguisticValue.h">
      <Filter>Header Files</Filter>
    </ClInclude>
    <ClInclude Include="src\LinguisticVariable.h">
      <Filter>Header Files</Filter>
    </ClInclude>
    <ClInclude Include="src\LinguisticVariable_impl.h">
      <Filter>Header Files</Filter>
    </ClInclude>
    <ClInclude Include="src\MembershipFunction.h">
      <Filter>Header Files</Filter>
    </ClInclude>
    <ClInclude Include="src\Range.h">
      <Filter>Header Files</Filter>
    </ClInclude>
    <ClInclude Include="src\Real.h">
      <Filter>Header Files</Filter>
    </ClInclude>
    <ClInclude Include="src\ResultPair.h">
      <Filter>Header Files</Filter>
    </ClInclude>
    <ClInclude Include="src\ShoulderCharacteristicFunction.h">
      <Filter>Header Files</Filter>
    </ClInclude>
    <ClInclude Include="src\TrapesoidCharacteristicFunction.h">
      <Filter>Header Files</Filter>
    </ClInclude>
    <ClInclude Include="src\TriangularCharacteristicFunction.h">
      <Filter>Header Files</Filter>
    </ClInclude>
    <ClInclude Include="src\FuzzyLib.h">
      <Filter>Header Files</Filter>
    </ClInclude>
    <ClInclude Include="src\SineCurveCharacteristicFunction.h">
      <Filter>Header Files</Filter>
    </ClInclude>
  </ItemGroup>
</Project>